{
  "archiveVersion" : "1.0",
  "classes" : {
  },
  "objectVersion" : "56",
  "objects" : {
    "PBXBuildFile" : [
    ],
    "PBXFileReference" : [
    ],
    "PBXGroup" : [
    ],
    "PBXNativeTarget" : [
    ],
    "PBXProject" : [
    ],
    "PBXSourcesBuildPhase" : [
    ],
    "PBXResourcesBuildPhase" : [
    ],
    "PBXFrameworksBuildPhase" : [
    ],
    "XCBuildConfiguration" : [
    ],
    "XCConfigurationList" : [
    ]
  },
  "rootObject" : null
}
